
Microsoft Visual Studio Solution File, Format Version 12.00
# Visual Studio 15
VisualStudioVersion = 15.0.28010.2041
MinimumVisualStudioVersion = 10.0.40219.1
Project("{FAE04EC0-301F-11D3-BF4B-00C04F79EFBC}") = "Controller", "Controller\Controller.csproj", "{0D66D6A9-67B0-4491-9A08-2300DFC4FBC2}"
EndProject
Project("{FAE04EC0-301F-11D3-BF4B-00C04F79EFBC}") = "JrkCmd", "..\Jrk\JrkCmd\JrkCmd.csproj", "{F5BBCE5D-516C-46D3-8821-056A435DDB1E}"
EndProject
Project("{FAE04EC0-301F-11D3-BF4B-00C04F79EFBC}") = "UscCmd", "..\Maestro\UscCmd\UscCmd.csproj", "{61CFDF6B-0F47-454A-A235-C75C78E2EC2B}"
EndProject
Global
	GlobalSection(SolutionConfigurationPlatforms) = preSolution
		Debug|Any CPU = Debug|Any CPU
		Debug|x86 = Debug|x86
		Release|Any CPU = Release|Any CPU
		Release|x86 = Release|x86
	EndGlobalSection
	GlobalSection(ProjectConfigurationPlatforms) = postSolution
		{0D66D6A9-67B0-4491-9A08-2300DFC4FBC2}.Debug|Any CPU.ActiveCfg = Debug|Any CPU
		{0D66D6A9-67B0-4491-9A08-2300DFC4FBC2}.Debug|Any CPU.Build.0 = Debug|Any CPU
		{0D66D6A9-67B0-4491-9A08-2300DFC4FBC2}.Debug|x86.ActiveCfg = Debug|Any CPU
		{0D66D6A9-67B0-4491-9A08-2300DFC4FBC2}.Debug|x86.Build.0 = Debug|Any CPU
		{0D66D6A9-67B0-4491-9A08-2300DFC4FBC2}.Release|Any CPU.ActiveCfg = Release|Any CPU
		{0D66D6A9-67B0-4491-9A08-2300DFC4FBC2}.Release|Any CPU.Build.0 = Release|Any CPU
		{0D66D6A9-67B0-4491-9A08-2300DFC4FBC2}.Release|x86.ActiveCfg = Release|Any CPU
		{0D66D6A9-67B0-4491-9A08-2300DFC4FBC2}.Release|x86.Build.0 = Release|Any CPU
		{F5BBCE5D-516C-46D3-8821-056A435DDB1E}.Debug|Any CPU.ActiveCfg = Debug|Any CPU
		{F5BBCE5D-516C-46D3-8821-056A435DDB1E}.Debug|Any CPU.Build.0 = Debug|Any CPU
		{F5BBCE5D-516C-46D3-8821-056A435DDB1E}.Debug|x86.ActiveCfg = Debug|Any CPU
		{F5BBCE5D-516C-46D3-8821-056A435DDB1E}.Debug|x86.Build.0 = Debug|Any CPU
		{F5BBCE5D-516C-46D3-8821-056A435DDB1E}.Release|Any CPU.ActiveCfg = Release|Any CPU
		{F5BBCE5D-516C-46D3-8821-056A435DDB1E}.Release|Any CPU.Build.0 = Release|Any CPU
		{F5BBCE5D-516C-46D3-8821-056A435DDB1E}.Release|x86.ActiveCfg = Release|Any CPU
		{F5BBCE5D-516C-46D3-8821-056A435DDB1E}.Release|x86.Build.0 = Release|Any CPU
		{61CFDF6B-0F47-454A-A235-C75C78E2EC2B}.Debug|Any CPU.ActiveCfg = Debug|Any CPU
		{61CFDF6B-0F47-454A-A235-C75C78E2EC2B}.Debug|Any CPU.Build.0 = Debug|Any CPU
		{61CFDF6B-0F47-454A-A235-C75C78E2EC2B}.Debug|x86.ActiveCfg = Debug|x86
		{61CFDF6B-0F47-454A-A235-C75C78E2EC2B}.Debug|x86.Build.0 = Debug|x86
		{61CFDF6B-0F47-454A-A235-C75C78E2EC2B}.Release|Any CPU.ActiveCfg = Release|Any CPU
		{61CFDF6B-0F47-454A-A235-C75C78E2EC2B}.Release|Any CPU.Build.0 = Release|Any CPU
		{61CFDF6B-0F47-454A-A235-C75C78E2EC2B}.Release|x86.ActiveCfg = Release|x86
		{61CFDF6B-0F47-454A-A235-C75C78E2EC2B}.Release|x86.Build.0 = Release|x86
	EndGlobalSection
	GlobalSection(SolutionProperties) = preSolution
		HideSolutionNode = FALSE
	EndGlobalSection
	GlobalSection(ExtensibilityGlobals) = postSolution
		SolutionGuid = {1BF2D6F0-A09D-4A35-96DB-9769B1767A46}
	EndGlobalSection
EndGlobal
